
Microsoft Visual Studio Solution File, Format Version 12.00
# Visual Studio Version 17
VisualStudioVersion = 17.3.32929.385
MinimumVisualStudioVersion = 10.0.40219.1
Project("{8BC9CEB8-8B4A-11D0-8D11-00A0C91BC942}") = "incorperating sound into a game", "incorperating sound into a game.vcxproj", "{00DCB790-534C-4065-AF30-86E9690142A0}"
EndProject
Global
	GlobalSection(SolutionConfigurationPlatforms) = preSolution
		Debug|x64 = Debug|x64
		Debug|x86 = Debug|x86
		Release|x64 = Release|x64
		Release|x86 = Release|x86
	EndGlobalSection
	GlobalSection(ProjectConfigurationPlatforms) = postSolution
		{00DCB790-534C-4065-AF30-86E9690142A0}.Debug|x64.ActiveCfg = Debug|x64
		{00DCB790-534C-4065-AF30-86E9690142A0}.Debug|x64.Build.0 = Debug|x64
		{00DCB790-534C-4065-AF30-86E9690142A0}.Debug|x86.ActiveCfg = Debug|Win32
		{00DCB790-534C-4065-AF30-86E9690142A0}.Debug|x86.Build.0 = Debug|Win32
		{00DCB790-534C-4065-AF30-86E9690142A0}.Release|x64.ActiveCfg = Release|x64
		{00DCB790-534C-4065-AF30-86E9690142A0}.Release|x64.Build.0 = Release|x64
		{00DCB790-534C-4065-AF30-86E9690142A0}.Release|x86.ActiveCfg = Release|Win32
		{00DCB790-534C-4065-AF30-86E9690142A0}.Release|x86.Build.0 = Release|Win32
	EndGlobalSection
	GlobalSection(SolutionProperties) = preSolution
		HideSolutionNode = FALSE
	EndGlobalSection
	GlobalSection(ExtensibilityGlobals) = postSolution
		SolutionGuid = {645885A4-6915-4FCF-9EC7-8606C2CD5BBB}
	EndGlobalSection
EndGlobal
